
Microsoft Visual Studio Solution File, Format Version 12.00
# Visual Studio 15
Project("{FAE04EC0-301F-11D3-BF4B-00C04F79EFBC}") = "Assembly-CSharp-firstpass", "Assembly-CSharp-firstpass.csproj", "{166D532A-2BEC-5375-F3AC-AE1B2B2F51AA}"
EndProject
Project("{FAE04EC0-301F-11D3-BF4B-00C04F79EFBC}") = "Assembly-CSharp", "Assembly-CSharp.csproj", "{89A7069F-04E5-B816-0D12-BA4589D90404}"
EndProject
Global
	GlobalSection(SolutionConfigurationPlatforms) = preSolution
		Debug|Any CPU = Debug|Any CPU
		Release|Any CPU = Release|Any CPU
	EndGlobalSection
	GlobalSection(ProjectConfigurationPlatforms) = postSolution
		{166D532A-2BEC-5375-F3AC-AE1B2B2F51AA}.Debug|Any CPU.ActiveCfg = Debug|Any CPU
		{166D532A-2BEC-5375-F3AC-AE1B2B2F51AA}.Debug|Any CPU.Build.0 = Debug|Any CPU
		{166D532A-2BEC-5375-F3AC-AE1B2B2F51AA}.Release|Any CPU.ActiveCfg = Release|Any CPU
		{166D532A-2BEC-5375-F3AC-AE1B2B2F51AA}.Release|Any CPU.Build.0 = Release|Any CPU
		{89A7069F-04E5-B816-0D12-BA4589D90404}.Debug|Any CPU.ActiveCfg = Debug|Any CPU
		{89A7069F-04E5-B816-0D12-BA4589D90404}.Debug|Any CPU.Build.0 = Debug|Any CPU
		{89A7069F-04E5-B816-0D12-BA4589D90404}.Release|Any CPU.ActiveCfg = Release|Any CPU
		{89A7069F-04E5-B816-0D12-BA4589D90404}.Release|Any CPU.Build.0 = Release|Any CPU
	EndGlobalSection
	GlobalSection(SolutionProperties) = preSolution
		HideSolutionNode = FALSE
	EndGlobalSection
EndGlobal
